// !$*UTF8*$!
{
	archiveVersion = 1;
	classes = {
	};
	objectVersion = 56;
	objects = {

/* Begin PBXBuildFile section */
		479A2D722B2F5FF800B50FED /* AppDelegate.swift in Sources */ = {isa = PBXBuildFile; fileRef = 479A2D712B2F5FF800B50FED /* AppDelegate.swift */; };
		479A2D742B2F5FF800B50FED /* SceneDelegate.swift in Sources */ = {isa = PBXBuildFile; fileRef = 479A2D732B2F5FF800B50FED /* SceneDelegate.swift */; };
		479A2D762B2F5FF800B50FED /* ViewController.swift in Sources */ = {isa = PBXBuildFile; fileRef = 479A2D752B2F5FF800B50FED /* ViewController.swift */; };
		479A2D792B2F5FF800B50FED /* Main.storyboard in Resources */ = {isa = PBXBuildFile; fileRef = 479A2D772B2F5FF800B50FED /* Main.storyboard */; };
		479A2D7B2B2F5FFB00B50FED /* Assets.xcassets in Resources */ = {isa = PBXBuildFile; fileRef = 479A2D7A2B2F5FFB00B50FED /* Assets.xcassets */; };
		479A2D7E2B2F5FFB00B50FED /* LaunchScreen.storyboard in Resources */ = {isa = PBXBuildFile; fileRef = 479A2D7C2B2F5FFB00B50FED /* LaunchScreen.storyboard */; };
		479A2D892B2F5FFB00B50FED /* counterTests.swift in Sources */ = {isa = PBXBuildFile; fileRef = 479A2D882B2F5FFB00B50FED /* counterTests.swift */; };
		479A2D932B2F5FFB00B50FED /* counterUITests.swift in Sources */ = {isa = PBXBuildFile; fileRef = 479A2D922B2F5FFB00B50FED /* counterUITests.swift */; };
		479A2D952B2F5FFB00B50FED /* counterUITestsLaunchTests.swift in Sources */ = {isa = PBXBuildFile; fileRef = 479A2D942B2F5FFB00B50FED /* counterUITestsLaunchTests.swift */; };
/* End PBXBuildFile section */

/* Begin PBXContainerItemProxy section */
		479A2D852B2F5FFB00B50FED /* PBXContainerItemProxy */ = {
			isa = PBXContainerItemProxy;
			containerPortal = 479A2D662B2F5FF800B50FED /* Project object */;
			proxyType = 1;
			remoteGlobalIDString = 479A2D6D2B2F5FF800B50FED;
			remoteInfo = counter;
		};
		479A2D8F2B2F5FFB00B50FED /* PBXContainerItemProxy */ = {
			isa = PBXContainerItemProxy;
			containerPortal = 479A2D662B2F5FF800B50FED /* Project object */;
			proxyType = 1;
			remoteGlobalIDString = 479A2D6D2B2F5FF800B50FED;
			remoteInfo = counter;
		};
/* End PBXContainerItemProxy section */

/* Begin PBXFileReference section */
		479A2D6E2B2F5FF800B50FED /* counter.app */ = {isa = PBXFileReference; explicitFileType = wrapper.application; includeInIndex = 0; path = counter.app; sourceTree = BUILT_PRODUCTS_DIR; };
		479A2D712B2F5FF800B50FED /* AppDelegate.swift */ = {isa = PBXFileReference; lastKnownFileType = sourcecode.swift; path = AppDelegate.swift; sourceTree = "<group>"; };
		479A2D732B2F5FF800B50FED /* SceneDelegate.swift */ = {isa = PBXFileReference; lastKnownFileType = sourcecode.swift; path = SceneDelegate.swift; sourceTree = "<group>"; };
		479A2D752B2F5FF800B50FED /* ViewController.swift */ = {isa = PBXFileReference; lastKnownFileType = sourcecode.swift; path = ViewController.swift; sourceTree = "<group>"; };
		479A2D782B2F5FF800B50FED /* Base */ = {isa = PBXFileReference; lastKnownFileType = file.storyboard; name = Base; path = Base.lproj/Main.storyboard; sourceTree = "<group>"; };
		479A2D7A2B2F5FFB00B50FED /* Assets.xcassets */ = {isa = PBXFileReference; lastKnownFileType = folder.assetcatalog; path = Assets.xcassets; sourceTree = "<group>"; };
		479A2D7D2B2F5FFB00B50FED /* Base */ = {isa = PBXFileReference; lastKnownFileType = file.storyboard; name = Base; path = Base.lproj/LaunchScreen.storyboard; sourceTree = "<group>"; };
		479A2D7F2B2F5FFB00B50FED /* Info.plist */ = {isa = PBXFileReference; lastKnownFileType = text.plist.xml; path = Info.plist; sourceTree = "<group>"; };
		479A2D842B2F5FFB00B50FED /* counterTests.xctest */ = {isa = PBXFileReference; explicitFileType = wrapper.cfbundle; includeInIndex = 0; path = counterTests.xctest; sourceTree = BUILT_PRODUCTS_DIR; };
		479A2D882B2F5FFB00B50FED /* counterTests.swift */ = {isa = PBXFileReference; lastKnownFileType = sourcecode.swift; path = counterTests.swift; sourceTree = "<group>"; };
		479A2D8E2B2F5FFB00B50FED /* counterUITests.xctest */ = {isa = PBXFileReference; explicitFileType = wrapper.cfbundle; includeInIndex = 0; path = counterUITests.xctest; sourceTree = BUILT_PRODUCTS_DIR; };
		479A2D922B2F5FFB00B50FED /* counterUITests.swift */ = {isa = PBXFileReference; lastKnownFileType = sourcecode.swift; path = counterUITests.swift; sourceTree = "<group>"; };
		479A2D942B2F5FFB00B50FED /* counterUITestsLaunchTests.swift */ = {isa = PBXFileReference; lastKnownFileType = sourcecode.swift; path = counterUITestsLaunchTests.swift; sourceTree = "<group>"; };
/* End PBXFileReference section */

/* Begin PBXFrameworksBuildPhase section */
		479A2D6B2B2F5FF800B50FED /* Frameworks */ = {
			isa = PBXFrameworksBuildPhase;
			buildActionMask = 2147483647;
			files = (
			);
			runOnlyForDeploymentPostprocessing = 0;
		};
		479A2D812B2F5FFB00B50FED /* Frameworks */ = {
			isa = PBXFrameworksBuildPhase;
			buildActionMask = 2147483647;
			files = (
			);
			runOnlyForDeploymentPostprocessing = 0;
		};
		479A2D8B2B2F5FFB00B50FED /* Frameworks */ = {
			isa = PBXFrameworksBuildPhase;
			buildActionMask = 2147483647;
			files = (
			);
			runOnlyForDeploymentPostprocessing = 0;
		};
/* End PBXFrameworksBuildPhase section */

/* Begin PBXGroup section */
		479A2D652B2F5FF800B50FED = {
			isa = PBXGroup;
			children = (
				479A2D702B2F5FF800B50FED /* counter */,
				479A2D872B2F5FFB00B50FED /* counterTests */,
				479A2D912B2F5FFB00B50FED /* counterUITests */,
				479A2D6F2B2F5FF800B50FED /* Products */,
			);
			sourceTree = "<group>";
		};
		479A2D6F2B2F5FF800B50FED /* Products */ = {
			isa = PBXGroup;
			children = (
				479A2D6E2B2F5FF800B50FED /* counter.app */,
				479A2D842B2F5FFB00B50FED /* counterTests.xctest */,
				479A2D8E2B2F5FFB00B50FED /* counterUITests.xctest */,
			);
			name = Products;
			sourceTree = "<group>";
		};
		479A2D702B2F5FF800B50FED /* counter */ = {
			isa = PBXGroup;
			children = (
				479A2D712B2F5FF800B50FED /* AppDelegate.swift */,
				479A2D732B2F5FF800B50FED /* SceneDelegate.swift */,
				479A2D752B2F5FF800B50FED /* ViewController.swift */,
				479A2D772B2F5FF800B50FED /* Main.storyboard */,
				479A2D7A2B2F5FFB00B50FED /* Assets.xcassets */,
				479A2D7C2B2F5FFB00B50FED /* LaunchScreen.storyboard */,
				479A2D7F2B2F5FFB00B50FED /* Info.plist */,
			);
			path = counter;
			sourceTree = "<group>";
		};
		479A2D872B2F5FFB00B50FED /* counterTests */ = {
			isa = PBXGroup;
			children = (
				479A2D882B2F5FFB00B50FED /* counterTests.swift */,
			);
			path = counterTests;
			sourceTree = "<group>";
		};
		479A2D912B2F5FFB00B50FED /* counterUITests */ = {
			isa = PBXGroup;
			children = (
				479A2D922B2F5FFB00B50FED /* counterUITests.swift */,
				479A2D942B2F5FFB00B50FED /* counterUITestsLaunchTests.swift */,
			);
			path = counterUITests;
			sourceTree = "<group>";
		};
/* End PBXGroup section */

/* Begin PBXNativeTarget section */
		479A2D6D2B2F5FF800B50FED /* counter */ = {
			isa = PBXNativeTarget;
			buildConfigurationList = 479A2D982B2F5FFB00B50FED /* Build configuration list for PBXNativeTarget "counter" */;
			buildPhases = (
				479A2D6A2B2F5FF800B50FED /* Sources */,
				479A2D6B2B2F5FF800B50FED /* Frameworks */,
				479A2D6C2B2F5FF800B50FED /* Resources */,
			);
			buildRules = (
			);
			dependencies = (
			);
			name = counter;
			productName = counter;
			productReference = 479A2D6E2B2F5FF800B50FED /* counter.app */;
			productType = "com.apple.product-type.application";
		};
		479A2D832B2F5FFB00B50FED /* counterTests */ = {
			isa = PBXNativeTarget;
			buildConfigurationList = 479A2D9B2B2F5FFB00B50FED /* Build configuration list for PBXNativeTarget "counterTests" */;
			buildPhases = (
				479A2D802B2F5FFB00B50FED /* Sources */,
				479A2D812B2F5FFB00B50FED /* Frameworks */,
				479A2D822B2F5FFB00B50FED /* Resources */,
			);
			buildRules = (
			);
			dependencies = (
				479A2D862B2F5FFB00B50FED /* PBXTargetDependency */,
			);
			name = counterTests;
			productName = counterTests;
			productReference = 479A2D842B2F5FFB00B50FED /* counterTests.xctest */;
			productType = "com.apple.product-type.bundle.unit-test";
		};
		479A2D8D2B2F5FFB00B50FED /* counterUITests */ = {
			isa = PBXNativeTarget;
			buildConfigurationList = 479A2D9E2B2F5FFB00B50FED /* Build configuration list for PBXNativeTarget "counterUITests" */;
			buildPhases = (
				479A2D8A2B2F5FFB00B50FED /* Sources */,
				479A2D8B2B2F5FFB00B50FED /* Frameworks */,
				479A2D8C2B2F5FFB00B50FED /* Resources */,
			);
			buildRules = (
			);
			dependencies = (
				479A2D902B2F5FFB00B50FED /* PBXTargetDependency */,
			);
			name = counterUITests;
			productName = counterUITests;
			productReference = 479A2D8E2B2F5FFB00B50FED /* counterUITests.xctest */;
			productType = "com.apple.product-type.bundle.ui-testing";
		};
/* End PBXNativeTarget section */

/* Begin PBXProject section */
		479A2D662B2F5FF800B50FED /* Project object */ = {
			isa = PBXProject;
			attributes = {
				BuildIndependentTargetsInParallel = 1;
				LastSwiftUpdateCheck = 1510;
				LastUpgradeCheck = 1510;
				TargetAttributes = {
					479A2D6D2B2F5FF800B50FED = {
						CreatedOnToolsVersion = 15.1;
					};
					479A2D832B2F5FFB00B50FED = {
						CreatedOnToolsVersion = 15.1;
						TestTargetID = 479A2D6D2B2F5FF800B50FED;
					};
					479A2D8D2B2F5FFB00B50FED = {
						CreatedOnToolsVersion = 15.1;
						TestTargetID = 479A2D6D2B2F5FF800B50FED;
					};
				};
			};
			buildConfigurationList = 479A2D692B2F5FF800B50FED /* Build configuration list for PBXProject "counter" */;
			compatibilityVersion = "Xcode 14.0";
			developmentRegion = en;
			hasScannedForEncodings = 0;
			knownRegions = (
				en,
				Base,
			);
			mainGroup = 479A2D652B2F5FF800B50FED;
			productRefGroup = 479A2D6F2B2F5FF800B50FED /* Products */;
			projectDirPath = "";
			projectRoot = "";
			targets = (
				479A2D6D2B2F5FF800B50FED /* counter */,
				479A2D832B2F5FFB00B50FED /* counterTests */,
				479A2D8D2B2F5FFB00B50FED /* counterUITests */,
			);
		};
/* End PBXProject section */

/* Begin PBXResourcesBuildPhase section */
		479A2D6C2B2F5FF800B50FED /* Resources */ = {
			isa = PBXResourcesBuildPhase;
			buildActionMask = 2147483647;
			files = (
				479A2D7E2B2F5FFB00B50FED /* LaunchScreen.storyboard in Resources */,
				479A2D7B2B2F5FFB00B50FED /* Assets.xcassets in Resources */,
				479A2D792B2F5FF800B50FED /* Main.storyboard in Resources */,
			);
			runOnlyForDeploymentPostprocessing = 0;
		};
		479A2D822B2F5FFB00B50FED /* Resources */ = {
			isa = PBXResourcesBuildPhase;
			buildActionMask = 2147483647;
			files = (
			);
			runOnlyForDeploymentPostprocessing = 0;
		};
		479A2D8C2B2F5FFB00B50FED /* Resources */ = {
			isa = PBXResourcesBuildPhase;
			buildActionMask = 2147483647;
			files = (
			);
			runOnlyForDeploymentPostprocessing = 0;
		};
/* End PBXResourcesBuildPhase section */

/* Begin PBXSourcesBuildPhase section */
		479A2D6A2B2F5FF800B50FED /* Sources */ = {
			isa = PBXSourcesBuildPhase;
			buildActionMask = 2147483647;
			files = (
				479A2D762B2F5FF800B50FED /* ViewController.swift in Sources */,
				479A2D722B2F5FF800B50FED /* AppDelegate.swift in Sources */,
				479A2D742B2F5FF800B50FED /* SceneDelegate.swift in Sources */,
			);
			runOnlyForDeploymentPostprocessing = 0;
		};
		479A2D802B2F5FFB00B50FED /* Sources */ = {
			isa = PBXSourcesBuildPhase;
			buildActionMask = 2147483647;
			files = (
				479A2D892B2F5FFB00B50FED /* counterTests.swift in Sources */,
			);
			runOnlyForDeploymentPostprocessing = 0;
		};
		479A2D8A2B2F5FFB00B50FED /* Sources */ = {
			isa = PBXSourcesBuildPhase;
			buildActionMask = 2147483647;
			files = (
				479A2D932B2F5FFB00B50FED /* counterUITests.swift in Sources */,
				479A2D952B2F5FFB00B50FED /* counterUITestsLaunchTests.swift in Sources */,
			);
			runOnlyForDeploymentPostprocessing = 0;
		};
/* End PBXSourcesBuildPhase section */

/* Begin PBXTargetDependency section */
		479A2D862B2F5FFB00B50FED /* PBXTargetDependency */ = {
			isa = PBXTargetDependency;
			target = 479A2D6D2B2F5FF800B50FED /* counter */;
			targetProxy = 479A2D852B2F5FFB00B50FED /* PBXContainerItemProxy */;
		};
		479A2D902B2F5FFB00B50FED /* PBXTargetDependency */ = {
			isa = PBXTargetDependency;
			target = 479A2D6D2B2F5FF800B50FED /* counter */;
			targetProxy = 479A2D8F2B2F5FFB00B50FED /* PBXContainerItemProxy */;
		};
/* End PBXTargetDependency section */

/* Begin PBXVariantGroup section */
		479A2D772B2F5FF800B50FED /* Main.storyboard */ = {
			isa = PBXVariantGroup;
			children = (
				479A2D782B2F5FF800B50FED /* Base */,
			);
			name = Main.storyboard;
			sourceTree = "<group>";
		};
		479A2D7C2B2F5FFB00B50FED /* LaunchScreen.storyboard */ = {
			isa = PBXVariantGroup;
			children = (
				479A2D7D2B2F5FFB00B50FED /* Base */,
			);
			name = LaunchScreen.storyboard;
			sourceTree = "<group>";
		};
/* End PBXVariantGroup section */

/* Begin XCBuildConfiguration section */
		479A2D962B2F5FFB00B50FED /* Debug */ = {
			isa = XCBuildConfiguration;
			buildSettings = {
				ALWAYS_SEARCH_USER_PATHS = NO;
				ASSETCATALOG_COMPILER_GENERATE_SWIFT_ASSET_SYMBOL_EXTENSIONS = YES;
				CLANG_ANALYZER_NONNULL = YES;
				CLANG_ANALYZER_NUMBER_OBJECT_CONVERSION = YES_AGGRESSIVE;
				CLANG_CXX_LANGUAGE_STANDARD = "gnu++20";
				CLANG_ENABLE_MODULES = YES;
				CLANG_ENABLE_OBJC_ARC = YES;
				CLANG_ENABLE_OBJC_WEAK = YES;
				CLANG_WARN_BLOCK_CAPTURE_AUTORELEASING = YES;
				CLANG_WARN_BOOL_CONVERSION = YES;
				CLANG_WARN_COMMA = YES;
				CLANG_WARN_CONSTANT_CONVERSION = YES;
				CLANG_WARN_DEPRECATED_OBJC_IMPLEMENTATIONS = YES;
				CLANG_WARN_DIRECT_OBJC_ISA_USAGE = YES_ERROR;
				CLANG_WARN_DOCUMENTATION_COMMENTS = YES;
				CLANG_WARN_EMPTY_BODY = YES;
				CLANG_WARN_ENUM_CONVERSION = YES;
				CLANG_WARN_INFINITE_RECURSION = YES;
				CLANG_WARN_INT_CONVERSION = YES;
				CLANG_WARN_NON_LITERAL_NULL_CONVERSION = YES;
				CLANG_WARN_OBJC_IMPLICIT_RETAIN_SELF = YES;
				CLANG_WARN_OBJC_LITERAL_CONVERSION = YES;
				CLANG_WARN_OBJC_ROOT_CLASS = YES_ERROR;
				CLANG_WARN_QUOTED_INCLUDE_IN_FRAMEWORK_HEADER = YES;
				CLANG_WARN_RANGE_LOOP_ANALYSIS = YES;
				CLANG_WARN_STRICT_PROTOTYPES = YES;
				CLANG_WARN_SUSPICIOUS_MOVE = YES;
				CLANG_WARN_UNGUARDED_AVAILABILITY = YES_AGGRESSIVE;
				CLANG_WARN_UNREACHABLE_CODE = YES;
				CLANG_WARN__DUPLICATE_METHOD_MATCH = YES;
				COPY_PHASE_STRIP = NO;
				DEBUG_INFORMATION_FORMAT = dwarf;
				ENABLE_STRICT_OBJC_MSGSEND = YES;
				ENABLE_TESTABILITY = YES;
				ENABLE_USER_SCRIPT_SANDBOXING = YES;
				GCC_C_LANGUAGE_STANDARD = gnu17;
				GCC_DYNAMIC_NO_PIC = NO;
				GCC_NO_COMMON_BLOCKS = YES;
				GCC_OPTIMIZATION_LEVEL = 0;
				GCC_PREPROCESSOR_DEFINITIONS = (
					"DEBUG=1",
					"$(inherited)",
				);
				GCC_WARN_64_TO_32_BIT_CONVERSION = YES;
				GCC_WARN_ABOUT_RETURN_TYPE = YES_ERROR;
				GCC_WARN_UNDECLARED_SELECTOR = YES;
				GCC_WARN_UNINITIALIZED_AUTOS = YES_AGGRESSIVE;
				GCC_WARN_UNUSED_FUNCTION = YES;
				GCC_WARN_UNUSED_VARIABLE = YES;
				IPHONEOS_DEPLOYMENT_TARGET = 17.2;
				LOCALIZATION_PREFERS_STRING_CATALOGS = YES;
				MTL_ENABLE_DEBUG_INFO = INCLUDE_SOURCE;
				MTL_FAST_MATH = YES;
				ONLY_ACTIVE_ARCH = YES;
				SDKROOT = iphoneos;
				SWIFT_ACTIVE_COMPILATION_CONDITIONS = "DEBUG $(inherited)";
				SWIFT_OPTIMIZATION_LEVEL = "-Onone";
			};
			name = Debug;
		};
		479A2D972B2F5FFB00B50FED /* Release */ = {
			isa = XCBuildConfiguration;
			buildSettings = {
				ALWAYS_SEARCH_USER_PATHS = NO;
				ASSETCATALOG_COMPILER_GENERATE_SWIFT_ASSET_SYMBOL_EXTENSIONS = YES;
				CLANG_ANALYZER_NONNULL = YES;
				CLANG_ANALYZER_NUMBER_OBJECT_CONVERSION = YES_AGGRESSIVE;
				CLANG_CXX_LANGUAGE_STANDARD = "gnu++20";
				CLANG_ENABLE_MODULES = YES;
				CLANG_ENABLE_OBJC_ARC = YES;
				CLANG_ENABLE_OBJC_WEAK = YES;
				CLANG_WARN_BLOCK_CAPTURE_AUTORELEASING = YES;
				CLANG_WARN_BOOL_CONVERSION = YES;
				CLANG_WARN_COMMA = YES;
				CLANG_WARN_CONSTANT_CONVERSION = YES;
				CLANG_WARN_DEPRECATED_OBJC_IMPLEMENTATIONS = YES;
				CLANG_WARN_DIRECT_OBJC_ISA_USAGE = YES_ERROR;
				CLANG_WARN_DOCUMENTATION_COMMENTS = YES;
				CLANG_WARN_EMPTY_BODY = YES;
				CLANG_WARN_ENUM_CONVERSION = YES;
				CLANG_WARN_INFINITE_RECURSION = YES;
				CLANG_WARN_INT_CONVERSION = YES;
				CLANG_WARN_NON_LITERAL_NULL_CONVERSION = YES;
				CLANG_WARN_OBJC_IMPLICIT_RETAIN_SELF = YES;
				CLANG_WARN_OBJC_LITERAL_CONVERSION = YES;
				CLANG_WARN_OBJC_ROOT_CLASS = YES_ERROR;
				CLANG_WARN_QUOTED_INCLUDE_IN_FRAMEWORK_HEADER = YES;
				CLANG_WARN_RANGE_LOOP_ANALYSIS = YES;
				CLANG_WARN_STRICT_PROTOTYPES = YES;
				CLANG_WARN_SUSPICIOUS_MOVE = YES;
				CLANG_WARN_UNGUARDED_AVAILABILITY = YES_AGGRESSIVE;
				CLANG_WARN_UNREACHABLE_CODE = YES;
				CLANG_WARN__DUPLICATE_METHOD_MATCH = YES;
				COPY_PHASE_STRIP = NO;
				DEBUG_INFORMATION_FORMAT = "dwarf-with-dsym";
				ENABLE_NS_ASSERTIONS = NO;
				ENABLE_STRICT_OBJC_MSGSEND = YES;
				ENABLE_USER_SCRIPT_SANDBOXING = YES;
				GCC_C_LANGUAGE_STANDARD = gnu17;
				GCC_NO_COMMON_BLOCKS = YES;
				GCC_WARN_64_TO_32_BIT_CONVERSION = YES;
				GCC_WARN_ABOUT_RETURN_TYPE = YES_ERROR;
				GCC_WARN_UNDECLARED_SELECTOR = YES;
				GCC_WARN_UNINITIALIZED_AUTOS = YES_AGGRESSIVE;
				GCC_WARN_UNUSED_FUNCTION = YES;
				GCC_WARN_UNUSED_VARIABLE = YES;
				IPHONEOS_DEPLOYMENT_TARGET = 17.2;
				LOCALIZATION_PREFERS_STRING_CATALOGS = YES;
				MTL_ENABLE_DEBUG_INFO = NO;
				MTL_FAST_MATH = YES;
				SDKROOT = iphoneos;
				SWIFT_COMPILATION_MODE = wholemodule;
				VALIDATE_PRODUCT = YES;
			};
			name = Release;
		};
		479A2D992B2F5FFB00B50FED /* Debug */ = {
			isa = XCBuildConfiguration;
			buildSettings = {
				ASSETCATALOG_COMPILER_APPICON_NAME = AppIcon;
				ASSETCATALOG_COMPILER_GLOBAL_ACCENT_COLOR_NAME = AccentColor;
				CODE_SIGN_STYLE = Automatic;
				CURRENT_PROJECT_VERSION = 1;
				DEVELOPMENT_TEAM = 23S69NAK72;
				GENERATE_INFOPLIST_FILE = YES;
				INFOPLIST_FILE = counter/Info.plist;
				INFOPLIST_KEY_UIApplicationSupportsIndirectInputEvents = YES;
				INFOPLIST_KEY_UILaunchStoryboardName = LaunchScreen;
				INFOPLIST_KEY_UIMainStoryboardFile = Main;
				INFOPLIST_KEY_UISupportedInterfaceOrientations_iPad = "UIInterfaceOrientationPortrait UIInterfaceOrientationPortraitUpsideDown UIInterfaceOrientationLandscapeLeft UIInterfaceOrientationLandscapeRight";
				INFOPLIST_KEY_UISupportedInterfaceOrientations_iPhone = "UIInterfaceOrientationPortrait UIInterfaceOrientationLandscapeLeft UIInterfaceOrientationLandscapeRight";
				LD_RUNPATH_SEARCH_PATHS = (
					"$(inherited)",
					"@executable_path/Frameworks",
				);
				MARKETING_VERSION = 1.0;
				PRODUCT_BUNDLE_IDENTIFIER = team.counter;
				PRODUCT_NAME = "$(TARGET_NAME)";
				SWIFT_EMIT_LOC_STRINGS = YES;
				SWIFT_VERSION = 5.0;
				TARGETED_DEVICE_FAMILY = "1,2";
			};
			name = Debug;
		};
		479A2D9A2B2F5FFB00B50FED /* Release */ = {
			isa = XCBuildConfiguration;
			buildSettings = {
				ASSETCATALOG_COMPILER_APPICON_NAME = AppIcon;
				ASSETCATALOG_COMPILER_GLOBAL_ACCENT_COLOR_NAME = AccentColor;
				CODE_SIGN_STYLE = Automatic;
				CURRENT_PROJECT_VERSION = 1;
				DEVELOPMENT_TEAM = 23S69NAK72;
				GENERATE_INFOPLIST_FILE = YES;
				INFOPLIST_FILE = counter/Info.plist;
				INFOPLIST_KEY_UIApplicationSupportsIndirectInputEvents = YES;
				INFOPLIST_KEY_UILaunchStoryboardName = LaunchScreen;
				INFOPLIST_KEY_UIMainStoryboardFile = Main;
				INFOPLIST_KEY_UISupportedInterfaceOrientations_iPad = "UIInterfaceOrientationPortrait UIInterfaceOrientationPortraitUpsideDown UIInterfaceOrientationLandscapeLeft UIInterfaceOrientationLandscapeRight";
				INFOPLIST_KEY_UISupportedInterfaceOrientations_iPhone = "UIInterfaceOrientationPortrait UIInterfaceOrientationLandscapeLeft UIInterfaceOrientationLandscapeRight";
				LD_RUNPATH_SEARCH_PATHS = (
					"$(inherited)",
					"@executable_path/Frameworks",
				);
				MARKETING_VERSION = 1.0;
				PRODUCT_BUNDLE_IDENTIFIER = team.counter;
				PRODUCT_NAME = "$(TARGET_NAME)";
				SWIFT_EMIT_LOC_STRINGS = YES;
				SWIFT_VERSION = 5.0;
				TARGETED_DEVICE_FAMILY = "1,2";
			};
			name = Release;
		};
		479A2D9C2B2F5FFB00B50FED /* Debug */ = {
			isa = XCBuildConfiguration;
			buildSettings = {
				ALWAYS_EMBED_SWIFT_STANDARD_LIBRARIES = YES;
				BUNDLE_LOADER = "$(TEST_HOST)";
				CODE_SIGN_STYLE = Automatic;
				CURRENT_PROJECT_VERSION = 1;
				DEVELOPMENT_TEAM = 23S69NAK72;
				GENERATE_INFOPLIST_FILE = YES;
				IPHONEOS_DEPLOYMENT_TARGET = 17.2;
				MARKETING_VERSION = 1.0;
				PRODUCT_BUNDLE_IDENTIFIER = team.counterTests;
				PRODUCT_NAME = "$(TARGET_NAME)";
				SWIFT_EMIT_LOC_STRINGS = NO;
				SWIFT_VERSION = 5.0;
				TARGETED_DEVICE_FAMILY = "1,2";
				TEST_HOST = "$(BUILT_PRODUCTS_DIR)/counter.app/$(BUNDLE_EXECUTABLE_FOLDER_PATH)/counter";
			};
			name = Debug;
		};
		479A2D9D2B2F5FFB00B50FED /* Release */ = {
			isa = XCBuildConfiguration;
			buildSettings = {
				ALWAYS_EMBED_SWIFT_STANDARD_LIBRARIES = YES;
				BUNDLE_LOADER = "$(TEST_HOST)";
				CODE_SIGN_STYLE = Automatic;
				CURRENT_PROJECT_VERSION = 1;
				DEVELOPMENT_TEAM = 23S69NAK72;
				GENERATE_INFOPLIST_FILE = YES;
				IPHONEOS_DEPLOYMENT_TARGET = 17.2;
				MARKETING_VERSION = 1.0;
				PRODUCT_BUNDLE_IDENTIFIER = team.counterTests;
				PRODUCT_NAME = "$(TARGET_NAME)";
				SWIFT_EMIT_LOC_STRINGS = NO;
				SWIFT_VERSION = 5.0;
				TARGETED_DEVICE_FAMILY = "1,2";
				TEST_HOST = "$(BUILT_PRODUCTS_DIR)/counter.app/$(BUNDLE_EXECUTABLE_FOLDER_PATH)/counter";
			};
			name = Release;
		};
		479A2D9F2B2F5FFB00B50FED /* Debug */ = {
			isa = XCBuildConfiguration;
			buildSettings = {
				ALWAYS_EMBED_SWIFT_STANDARD_LIBRARIES = YES;
				CODE_SIGN_STYLE = Automatic;
				CURRENT_PROJECT_VERSION = 1;
				DEVELOPMENT_TEAM = 23S69NAK72;
				GENERATE_INFOPLIST_FILE = YES;
				MARKETING_VERSION = 1.0;
				PRODUCT_BUNDLE_IDENTIFIER = team.counterUITests;
				PRODUCT_NAME = "$(TARGET_NAME)";
				SWIFT_EMIT_LOC_STRINGS = NO;
				SWIFT_VERSION = 5.0;
				TARGETED_DEVICE_FAMILY = "1,2";
				TEST_TARGET_NAME = counter;
			};
			name = Debug;
		};
		479A2DA02B2F5FFB00B50FED /* Release */ = {
			isa = XCBuildConfiguration;
			buildSettings = {
				ALWAYS_EMBED_SWIFT_STANDARD_LIBRARIES = YES;
				CODE_SIGN_STYLE = Automatic;
				CURRENT_PROJECT_VERSION = 1;
				DEVELOPMENT_TEAM = 23S69NAK72;
				GENERATE_INFOPLIST_FILE = YES;
				MARKETING_VERSION = 1.0;
				PRODUCT_BUNDLE_IDENTIFIER = team.counterUITests;
				PRODUCT_NAME = "$(TARGET_NAME)";
				SWIFT_EMIT_LOC_STRINGS = NO;
				SWIFT_VERSION = 5.0;
				TARGETED_DEVICE_FAMILY = "1,2";
				TEST_TARGET_NAME = counter;
			};
			name = Release;
		};
/* End XCBuildConfiguration section */

/* Begin XCConfigurationList section */
		479A2D692B2F5FF800B50FED /* Build configuration list for PBXProject "counter" */ = {
			isa = XCConfigurationList;
			buildConfigurations = (
				479A2D962B2F5FFB00B50FED /* Debug */,
				479A2D972B2F5FFB00B50FED /* Release */,
			);
			defaultConfigurationIsVisible = 0;
			defaultConfigurationName = Release;
		};
		479A2D982B2F5FFB00B50FED /* Build configuration list for PBXNativeTarget "counter" */ = {
			isa = XCConfigurationList;
			buildConfigurations = (
				479A2D992B2F5FFB00B50FED /* Debug */,
				479A2D9A2B2F5FFB00B50FED /* Release */,
			);
			defaultConfigurationIsVisible = 0;
			defaultConfigurationName = Release;
		};
		479A2D9B2B2F5FFB00B50FED /* Build configuration list for PBXNativeTarget "counterTests" */ = {
			isa = XCConfigurationList;
			buildConfigurations = (
				479A2D9C2B2F5FFB00B50FED /* Debug */,
				479A2D9D2B2F5FFB00B50FED /* Release */,
			);
			defaultConfigurationIsVisible = 0;
			defaultConfigurationName = Release;
		};
		479A2D9E2B2F5FFB00B50FED /* Build configuration list for PBXNativeTarget "counterUITests" */ = {
			isa = XCConfigurationList;
			buildConfigurations = (
				479A2D9F2B2F5FFB00B50FED /* Debug */,
				479A2DA02B2F5FFB00B50FED /* Release */,
			);
			defaultConfigurationIsVisible = 0;
			defaultConfigurationName = Release;
		};
/* End XCConfigurationList section */
	};
	rootObject = 479A2D662B2F5FF800B50FED /* Project object */;
}
